
Microsoft Visual Studio Solution File, Format Version 12.00
# Visual Studio 2013
VisualStudioVersion = 12.0.40121.0
MinimumVisualStudioVersion = 10.0.40219.1
Project("{FAE04EC0-301F-11D3-BF4B-00C04F79EFBC}") = "Rating", "Rating\Rating.csproj", "{E8845F9F-B63B-450F-A74E-62B5E6BA1C90}"
EndProject
Project("{FAE04EC0-301F-11D3-BF4B-00C04F79EFBC}") = "DataAccess", "DataAccess\DataAccess.csproj", "{8406DF59-D60F-4494-BC34-DD597E3F1754}"
EndProject
Project("{FAE04EC0-301F-11D3-BF4B-00C04F79EFBC}") = "Domain", "Domain\Domain.csproj", "{56C0EC4F-8E09-444F-9ED2-AD4EAA25434C}"
EndProject
Project("{2150E333-8FDC-42A3-9474-1A3956D46DE8}") = "Solution Items", "Solution Items", "{460871F0-32EC-4DCE-8292-9AE49F9DB206}"
	ProjectSection(SolutionItems) = preProject
		SolutionItems\Scripts\Create.sql = SolutionItems\Scripts\Create.sql
	EndProjectSection
EndProject
Project("{FAE04EC0-301F-11D3-BF4B-00C04F79EFBC}") = "RatingAPI", "RatingAPI\RatingAPI.csproj", "{7992D84E-A588-48BC-9484-5D815122EB4A}"
EndProject
Global
	GlobalSection(SolutionConfigurationPlatforms) = preSolution
		Debug|Any CPU = Debug|Any CPU
		Release|Any CPU = Release|Any CPU
	EndGlobalSection
	GlobalSection(ProjectConfigurationPlatforms) = postSolution
		{E8845F9F-B63B-450F-A74E-62B5E6BA1C90}.Debug|Any CPU.ActiveCfg = Debug|Any CPU
		{E8845F9F-B63B-450F-A74E-62B5E6BA1C90}.Debug|Any CPU.Build.0 = Debug|Any CPU
		{E8845F9F-B63B-450F-A74E-62B5E6BA1C90}.Release|Any CPU.ActiveCfg = Release|Any CPU
		{E8845F9F-B63B-450F-A74E-62B5E6BA1C90}.Release|Any CPU.Build.0 = Release|Any CPU
		{8406DF59-D60F-4494-BC34-DD597E3F1754}.Debug|Any CPU.ActiveCfg = Debug|Any CPU
		{8406DF59-D60F-4494-BC34-DD597E3F1754}.Debug|Any CPU.Build.0 = Debug|Any CPU
		{8406DF59-D60F-4494-BC34-DD597E3F1754}.Release|Any CPU.ActiveCfg = Release|Any CPU
		{8406DF59-D60F-4494-BC34-DD597E3F1754}.Release|Any CPU.Build.0 = Release|Any CPU
		{56C0EC4F-8E09-444F-9ED2-AD4EAA25434C}.Debug|Any CPU.ActiveCfg = Debug|Any CPU
		{56C0EC4F-8E09-444F-9ED2-AD4EAA25434C}.Debug|Any CPU.Build.0 = Debug|Any CPU
		{56C0EC4F-8E09-444F-9ED2-AD4EAA25434C}.Release|Any CPU.ActiveCfg = Release|Any CPU
		{56C0EC4F-8E09-444F-9ED2-AD4EAA25434C}.Release|Any CPU.Build.0 = Release|Any CPU
		{7992D84E-A588-48BC-9484-5D815122EB4A}.Debug|Any CPU.ActiveCfg = Debug|Any CPU
		{7992D84E-A588-48BC-9484-5D815122EB4A}.Debug|Any CPU.Build.0 = Debug|Any CPU
		{7992D84E-A588-48BC-9484-5D815122EB4A}.Release|Any CPU.ActiveCfg = Release|Any CPU
		{7992D84E-A588-48BC-9484-5D815122EB4A}.Release|Any CPU.Build.0 = Release|Any CPU
	EndGlobalSection
	GlobalSection(SolutionProperties) = preSolution
		HideSolutionNode = FALSE
	EndGlobalSection
EndGlobal
